
Microsoft Visual Studio Solution File, Format Version 12.00
# Visual Studio Version 17
VisualStudioVersion = 17.0.31912.275
MinimumVisualStudioVersion = 10.0.40219.1
Project("{8BC9CEB8-8B4A-11D0-8D11-00A0C91BC942}") = "ConsoleApplication31", "ConsoleApplication31.vcxproj", "{20EFCFF0-2836-473E-939A-936FD5FA248A}"
EndProject
Global
	GlobalSection(SolutionConfigurationPlatforms) = preSolution
		Debug|x64 = Debug|x64
		Debug|x86 = Debug|x86
		Release|x64 = Release|x64
		Release|x86 = Release|x86
	EndGlobalSection
	GlobalSection(ProjectConfigurationPlatforms) = postSolution
		{20EFCFF0-2836-473E-939A-936FD5FA248A}.Debug|x64.ActiveCfg = Debug|x64
		{20EFCFF0-2836-473E-939A-936FD5FA248A}.Debug|x64.Build.0 = Debug|x64
		{20EFCFF0-2836-473E-939A-936FD5FA248A}.Debug|x86.ActiveCfg = Debug|Win32
		{20EFCFF0-2836-473E-939A-936FD5FA248A}.Debug|x86.Build.0 = Debug|Win32
		{20EFCFF0-2836-473E-939A-936FD5FA248A}.Release|x64.ActiveCfg = Release|x64
		{20EFCFF0-2836-473E-939A-936FD5FA248A}.Release|x64.Build.0 = Release|x64
		{20EFCFF0-2836-473E-939A-936FD5FA248A}.Release|x86.ActiveCfg = Release|Win32
		{20EFCFF0-2836-473E-939A-936FD5FA248A}.Release|x86.Build.0 = Release|Win32
	EndGlobalSection
	GlobalSection(SolutionProperties) = preSolution
		HideSolutionNode = FALSE
	EndGlobalSection
	GlobalSection(ExtensibilityGlobals) = postSolution
		SolutionGuid = {B5CFBE67-1D58-4E11-9530-F9199FB61A2C}
	EndGlobalSection
EndGlobal
